
Microsoft Visual Studio Solution File, Format Version 12.00
# Visual Studio 15
VisualStudioVersion = 15.0.28010.2046
MinimumVisualStudioVersion = 10.0.40219.1
Project("{FAE04EC0-301F-11D3-BF4B-00C04F79EFBC}") = "Tic_Tac_Toe", "Tic_Tac_Toe\Tic_Tac_Toe.csproj", "{7578718E-B443-4FFE-A049-A890CCE3875D}"
EndProject
Global
	GlobalSection(SolutionConfigurationPlatforms) = preSolution
		Debug|Any CPU = Debug|Any CPU
		Release|Any CPU = Release|Any CPU
	EndGlobalSection
	GlobalSection(ProjectConfigurationPlatforms) = postSolution
		{7578718E-B443-4FFE-A049-A890CCE3875D}.Debug|Any CPU.ActiveCfg = Debug|Any CPU
		{7578718E-B443-4FFE-A049-A890CCE3875D}.Debug|Any CPU.Build.0 = Debug|Any CPU
		{7578718E-B443-4FFE-A049-A890CCE3875D}.Release|Any CPU.ActiveCfg = Release|Any CPU
		{7578718E-B443-4FFE-A049-A890CCE3875D}.Release|Any CPU.Build.0 = Release|Any CPU
	EndGlobalSection
	GlobalSection(SolutionProperties) = preSolution
		HideSolutionNode = FALSE
	EndGlobalSection
	GlobalSection(ExtensibilityGlobals) = postSolution
		SolutionGuid = {98725626-288B-49B3-AB5C-AA71DA1B13EB}
	EndGlobalSection
EndGlobal
